
Microsoft Visual Studio Solution File, Format Version 12.00
# Visual Studio Express 2012 for Windows Desktop
Project("{FAE04EC0-301F-11D3-BF4B-00C04F79EFBC}") = "NetduinoApplication2", "NetduinoApplication2\NetduinoApplication2.csproj", "{3FE15A11-6A97-44B6-89FC-09A84EC8F0FB}"
EndProject
Global
	GlobalSection(SolutionConfigurationPlatforms) = preSolution
		Debug|Any CPU = Debug|Any CPU
		Release|Any CPU = Release|Any CPU
	EndGlobalSection
	GlobalSection(ProjectConfigurationPlatforms) = postSolution
		{3FE15A11-6A97-44B6-89FC-09A84EC8F0FB}.Debug|Any CPU.ActiveCfg = Debug|Any CPU
		{3FE15A11-6A97-44B6-89FC-09A84EC8F0FB}.Debug|Any CPU.Build.0 = Debug|Any CPU
		{3FE15A11-6A97-44B6-89FC-09A84EC8F0FB}.Debug|Any CPU.Deploy.0 = Debug|Any CPU
		{3FE15A11-6A97-44B6-89FC-09A84EC8F0FB}.Release|Any CPU.ActiveCfg = Release|Any CPU
		{3FE15A11-6A97-44B6-89FC-09A84EC8F0FB}.Release|Any CPU.Build.0 = Release|Any CPU
		{3FE15A11-6A97-44B6-89FC-09A84EC8F0FB}.Release|Any CPU.Deploy.0 = Release|Any CPU
	EndGlobalSection
	GlobalSection(SolutionProperties) = preSolution
		HideSolutionNode = FALSE
	EndGlobalSection
EndGlobal
